
Microsoft Visual Studio Solution File, Format Version 12.00
# Visual Studio 15
VisualStudioVersion = 15.0.27428.2043
MinimumVisualStudioVersion = 10.0.40219.1
Project("{FAE04EC0-301F-11D3-BF4B-00C04F79EFBC}") = "AzureServiceBusTopicsReceive", "AzureServiceBusTopicsReceive\AzureServiceBusTopicsReceive.csproj", "{F55782AB-2FCE-410C-BE02-FA342DE1D6CA}"
EndProject
Global
	GlobalSection(SolutionConfigurationPlatforms) = preSolution
		Debug|Any CPU = Debug|Any CPU
		Release|Any CPU = Release|Any CPU
	EndGlobalSection
	GlobalSection(ProjectConfigurationPlatforms) = postSolution
		{F55782AB-2FCE-410C-BE02-FA342DE1D6CA}.Debug|Any CPU.ActiveCfg = Debug|Any CPU
		{F55782AB-2FCE-410C-BE02-FA342DE1D6CA}.Debug|Any CPU.Build.0 = Debug|Any CPU
		{F55782AB-2FCE-410C-BE02-FA342DE1D6CA}.Release|Any CPU.ActiveCfg = Release|Any CPU
		{F55782AB-2FCE-410C-BE02-FA342DE1D6CA}.Release|Any CPU.Build.0 = Release|Any CPU
	EndGlobalSection
	GlobalSection(SolutionProperties) = preSolution
		HideSolutionNode = FALSE
	EndGlobalSection
	GlobalSection(ExtensibilityGlobals) = postSolution
		SolutionGuid = {5AF1CC30-29D7-44FA-936A-7B0213405C8A}
	EndGlobalSection
EndGlobal
